
Microsoft Visual Studio Solution File, Format Version 12.00
# Visual Studio 2013
VisualStudioVersion = 12.0.21005.1
MinimumVisualStudioVersion = 10.0.40219.1
Project("{8BC9CEB8-8B4A-11D0-8D11-00A0C91BC942}") = "9.7", "9.7\9.7.vcxproj", "{5D45DC9D-38D7-4896-BDDF-1A9B14AE967F}"
EndProject
Global
	GlobalSection(SolutionConfigurationPlatforms) = preSolution
		Debug|Win32 = Debug|Win32
		Release|Win32 = Release|Win32
	EndGlobalSection
	GlobalSection(ProjectConfigurationPlatforms) = postSolution
		{5D45DC9D-38D7-4896-BDDF-1A9B14AE967F}.Debug|Win32.ActiveCfg = Debug|Win32
		{5D45DC9D-38D7-4896-BDDF-1A9B14AE967F}.Debug|Win32.Build.0 = Debug|Win32
		{5D45DC9D-38D7-4896-BDDF-1A9B14AE967F}.Release|Win32.ActiveCfg = Release|Win32
		{5D45DC9D-38D7-4896-BDDF-1A9B14AE967F}.Release|Win32.Build.0 = Release|Win32
	EndGlobalSection
	GlobalSection(SolutionProperties) = preSolution
		HideSolutionNode = FALSE
	EndGlobalSection
EndGlobal
